// !$*UTF8*$!
{
	archiveVersion = 1;
	classes = {
	};
	objectVersion = 46;
	objects = {

/* Begin PBXBuildFile section */
		3B0DA64613A025D400BE33A4 /* UIKit.framework in Frameworks */ = {isa = PBXBuildFile; fileRef = 3B0DA64513A025D400BE33A4 /* UIKit.framework */; };
		3B0DA64813A025D400BE33A4 /* Foundation.framework in Frameworks */ = {isa = PBXBuildFile; fileRef = 3B0DA64713A025D400BE33A4 /* Foundation.framework */; };
		3B0DA64A13A025D400BE33A4 /* CoreGraphics.framework in Frameworks */ = {isa = PBXBuildFile; fileRef = 3B0DA64913A025D400BE33A4 /* CoreGraphics.framework */; };
		3B0DA65013A025D400BE33A4 /* InfoPlist.strings in Resources */ = {isa = PBXBuildFile; fileRef = 3B0DA64E13A025D400BE33A4 /* InfoPlist.strings */; };
		3B0DA65313A025D400BE33A4 /* main.m in Sources */ = {isa = PBXBuildFile; fileRef = 3B0DA65213A025D400BE33A4 /* main.m */; };
		3B0DA65613A025D400BE33A4 /* Project1AppDelegate.m in Sources */ = {isa = PBXBuildFile; fileRef = 3B0DA65513A025D400BE33A4 /* Project1AppDelegate.m */; };
		3B0DA65913A025D400BE33A4 /* MainWindow.xib in Resources */ = {isa = PBXBuildFile; fileRef = 3B0DA65713A025D400BE33A4 /* MainWindow.xib */; };
		3B0DA65C13A025D400BE33A4 /* Project1ViewController.m in Sources */ = {isa = PBXBuildFile; fileRef = 3B0DA65B13A025D400BE33A4 /* Project1ViewController.m */; };
		3B0DA65F13A025D500BE33A4 /* Project1ViewController.xib in Resources */ = {isa = PBXBuildFile; fileRef = 3B0DA65D13A025D500BE33A4 /* Project1ViewController.xib */; };
/* End PBXBuildFile section */

/* Begin PBXFileReference section */
		3B0DA64113A025D400BE33A4 /* Project1.app */ = {isa = PBXFileReference; explicitFileType = wrapper.application; includeInIndex = 0; path = Project1.app; sourceTree = BUILT_PRODUCTS_DIR; };
		3B0DA64513A025D400BE33A4 /* UIKit.framework */ = {isa = PBXFileReference; lastKnownFileType = wrapper.framework; name = UIKit.framework; path = System/Library/Frameworks/UIKit.framework; sourceTree = SDKROOT; };
		3B0DA64713A025D400BE33A4 /* Foundation.framework */ = {isa = PBXFileReference; lastKnownFileType = wrapper.framework; name = Foundation.framework; path = System/Library/Frameworks/Foundation.framework; sourceTree = SDKROOT; };
		3B0DA64913A025D400BE33A4 /* CoreGraphics.framework */ = {isa = PBXFileReference; lastKnownFileType = wrapper.framework; name = CoreGraphics.framework; path = System/Library/Frameworks/CoreGraphics.framework; sourceTree = SDKROOT; };
		3B0DA64D13A025D400BE33A4 /* Project1-Info.plist */ = {isa = PBXFileReference; lastKnownFileType = text.plist.xml; path = "Project1-Info.plist"; sourceTree = "<group>"; };
		3B0DA64F13A025D400BE33A4 /* en */ = {isa = PBXFileReference; lastKnownFileType = text.plist.strings; name = en; path = en.lproj/InfoPlist.strings; sourceTree = "<group>"; };
		3B0DA65113A025D400BE33A4 /* Project1-Prefix.pch */ = {isa = PBXFileReference; lastKnownFileType = sourcecode.c.h; path = "Project1-Prefix.pch"; sourceTree = "<group>"; };
		3B0DA65213A025D400BE33A4 /* main.m */ = {isa = PBXFileReference; lastKnownFileType = sourcecode.c.objc; path = main.m; sourceTree = "<group>"; };
		3B0DA65413A025D400BE33A4 /* Project1AppDelegate.h */ = {isa = PBXFileReference; lastKnownFileType = sourcecode.c.h; path = Project1AppDelegate.h; sourceTree = "<group>"; };
		3B0DA65513A025D400BE33A4 /* Project1AppDelegate.m */ = {isa = PBXFileReference; lastKnownFileType = sourcecode.c.objc; path = Project1AppDelegate.m; sourceTree = "<group>"; };
		3B0DA65813A025D400BE33A4 /* en */ = {isa = PBXFileReference; lastKnownFileType = file.xib; name = en; path = en.lproj/MainWindow.xib; sourceTree = "<group>"; };
		3B0DA65A13A025D400BE33A4 /* Project1ViewController.h */ = {isa = PBXFileReference; lastKnownFileType = sourcecode.c.h; path = Project1ViewController.h; sourceTree = "<group>"; };
		3B0DA65B13A025D400BE33A4 /* Project1ViewController.m */ = {isa = PBXFileReference; lastKnownFileType = sourcecode.c.objc; path = Project1ViewController.m; sourceTree = "<group>"; };
		3B0DA65E13A025D500BE33A4 /* en */ = {isa = PBXFileReference; lastKnownFileType = file.xib; name = en; path = en.lproj/Project1ViewController.xib; sourceTree = "<group>"; };
/* End PBXFileReference section */

/* Begin PBXFrameworksBuildPhase section */
		3B0DA63E13A025D400BE33A4 /* Frameworks */ = {
			isa = PBXFrameworksBuildPhase;
			buildActionMask = 2147483647;
			files = (
				3B0DA64613A025D400BE33A4 /* UIKit.framework in Frameworks */,
				3B0DA64813A025D400BE33A4 /* Foundation.framework in Frameworks */,
				3B0DA64A13A025D400BE33A4 /* CoreGraphics.framework in Frameworks */,
			);
			runOnlyForDeploymentPostprocessing = 0;
		};
/* End PBXFrameworksBuildPhase section */

/* Begin PBXGroup section */
		3B0DA63613A025D400BE33A4 = {
			isa = PBXGroup;
			children = (
				3B0DA64B13A025D400BE33A4 /* Project1 */,
				3B0DA64413A025D400BE33A4 /* Frameworks */,
				3B0DA64213A025D400BE33A4 /* Products */,
			);
			sourceTree = "<group>";
		};
		3B0DA64213A025D400BE33A4 /* Products */ = {
			isa = PBXGroup;
			children = (
				3B0DA64113A025D400BE33A4 /* Project1.app */,
			);
			name = Products;
			sourceTree = "<group>";
		};
		3B0DA64413A025D400BE33A4 /* Frameworks */ = {
			isa = PBXGroup;
			children = (
				3B0DA64513A025D400BE33A4 /* UIKit.framework */,
				3B0DA64713A025D400BE33A4 /* Foundation.framework */,
				3B0DA64913A025D400BE33A4 /* CoreGraphics.framework */,
			);
			name = Frameworks;
			sourceTree = "<group>";
		};
		3B0DA64B13A025D400BE33A4 /* Project1 */ = {
			isa = PBXGroup;
			children = (
				3B0DA65413A025D400BE33A4 /* Project1AppDelegate.h */,
				3B0DA65513A025D400BE33A4 /* Project1AppDelegate.m */,
				3B0DA65713A025D400BE33A4 /* MainWindow.xib */,
				3B0DA65A13A025D400BE33A4 /* Project1ViewController.h */,
				3B0DA65B13A025D400BE33A4 /* Project1ViewController.m */,
				3B0DA65D13A025D500BE33A4 /* Project1ViewController.xib */,
				3B0DA64C13A025D400BE33A4 /* Supporting Files */,
			);
			path = Project1;
			sourceTree = "<group>";
		};
		3B0DA64C13A025D400BE33A4 /* Supporting Files */ = {
			isa = PBXGroup;
			children = (
				3B0DA64D13A025D400BE33A4 /* Project1-Info.plist */,
				3B0DA64E13A025D400BE33A4 /* InfoPlist.strings */,
				3B0DA65113A025D400BE33A4 /* Project1-Prefix.pch */,
				3B0DA65213A025D400BE33A4 /* main.m */,
			);
			name = "Supporting Files";
			sourceTree = "<group>";
		};
/* End PBXGroup section */

/* Begin PBXNativeTarget section */
		3B0DA64013A025D400BE33A4 /* Project1 */ = {
			isa = PBXNativeTarget;
			buildConfigurationList = 3B0DA66213A025D500BE33A4 /* Build configuration list for PBXNativeTarget "Project1" */;
			buildPhases = (
				3B0DA63D13A025D400BE33A4 /* Sources */,
				3B0DA63E13A025D400BE33A4 /* Frameworks */,
				3B0DA63F13A025D400BE33A4 /* Resources */,
			);
			buildRules = (
			);
			dependencies = (
			);
			name = Project1;
			productName = Project1;
			productReference = 3B0DA64113A025D400BE33A4 /* Project1.app */;
			productType = "com.apple.product-type.application";
		};
/* End PBXNativeTarget section */

/* Begin PBXProject section */
		3B0DA63813A025D400BE33A4 /* Project object */ = {
			isa = PBXProject;
			attributes = {
				ORGANIZATIONNAME = Globant;
			};
			buildConfigurationList = 3B0DA63B13A025D400BE33A4 /* Build configuration list for PBXProject "Project1" */;
			compatibilityVersion = "Xcode 3.2";
			developmentRegion = English;
			hasScannedForEncodings = 0;
			knownRegions = (
				en,
			);
			mainGroup = 3B0DA63613A025D400BE33A4;
			productRefGroup = 3B0DA64213A025D400BE33A4 /* Products */;
			projectDirPath = "";
			projectRoot = "";
			targets = (
				3B0DA64013A025D400BE33A4 /* Project1 */,
			);
		};
/* End PBXProject section */

/* Begin PBXResourcesBuildPhase section */
		3B0DA63F13A025D400BE33A4 /* Resources */ = {
			isa = PBXResourcesBuildPhase;
			buildActionMask = 2147483647;
			files = (
				3B0DA65013A025D400BE33A4 /* InfoPlist.strings in Resources */,
				3B0DA65913A025D400BE33A4 /* MainWindow.xib in Resources */,
				3B0DA65F13A025D500BE33A4 /* Project1ViewController.xib in Resources */,
			);
			runOnlyForDeploymentPostprocessing = 0;
		};
/* End PBXResourcesBuildPhase section */

/* Begin PBXSourcesBuildPhase section */
		3B0DA63D13A025D400BE33A4 /* Sources */ = {
			isa = PBXSourcesBuildPhase;
			buildActionMask = 2147483647;
			files = (
				3B0DA65313A025D400BE33A4 /* main.m in Sources */,
				3B0DA65613A025D400BE33A4 /* Project1AppDelegate.m in Sources */,
				3B0DA65C13A025D400BE33A4 /* Project1ViewController.m in Sources */,
			);
			runOnlyForDeploymentPostprocessing = 0;
		};
/* End PBXSourcesBuildPhase section */

/* Begin PBXVariantGroup section */
		3B0DA64E13A025D400BE33A4 /* InfoPlist.strings */ = {
			isa = PBXVariantGroup;
			children = (
				3B0DA64F13A025D400BE33A4 /* en */,
			);
			name = InfoPlist.strings;
			sourceTree = "<group>";
		};
		3B0DA65713A025D400BE33A4 /* MainWindow.xib */ = {
			isa = PBXVariantGroup;
			children = (
				3B0DA65813A025D400BE33A4 /* en */,
			);
			name = MainWindow.xib;
			sourceTree = "<group>";
		};
		3B0DA65D13A025D500BE33A4 /* Project1ViewController.xib */ = {
			isa = PBXVariantGroup;
			children = (
				3B0DA65E13A025D500BE33A4 /* en */,
			);
			name = Project1ViewController.xib;
			sourceTree = "<group>";
		};
/* End PBXVariantGroup section */

/* Begin XCBuildConfiguration section */
		3B0DA66013A025D500BE33A4 /* Debug */ = {
			isa = XCBuildConfiguration;
			buildSettings = {
				ARCHS = "$(ARCHS_UNIVERSAL_IPHONE_OS)";
				"CODE_SIGN_IDENTITY[sdk=iphoneos*]" = "iPhone Developer";
				GCC_C_LANGUAGE_STANDARD = gnu99;
				GCC_OPTIMIZATION_LEVEL = 0;
				GCC_PREPROCESSOR_DEFINITIONS = DEBUG;
				GCC_SYMBOLS_PRIVATE_EXTERN = NO;
				GCC_VERSION = com.apple.compilers.llvmgcc42;
				GCC_WARN_ABOUT_RETURN_TYPE = YES;
				GCC_WARN_UNUSED_VARIABLE = YES;
				IPHONEOS_DEPLOYMENT_TARGET = 4.3;
				SDKROOT = iphoneos;
				TARGETED_DEVICE_FAMILY = 2;
			};
			name = Debug;
		};
		3B0DA66113A025D500BE33A4 /* Release */ = {
			isa = XCBuildConfiguration;
			buildSettings = {
				ARCHS = "$(ARCHS_UNIVERSAL_IPHONE_OS)";
				"CODE_SIGN_IDENTITY[sdk=iphoneos*]" = "iPhone Developer";
				GCC_C_LANGUAGE_STANDARD = gnu99;
				GCC_VERSION = com.apple.compilers.llvmgcc42;
				GCC_WARN_ABOUT_RETURN_TYPE = YES;
				GCC_WARN_UNUSED_VARIABLE = YES;
				IPHONEOS_DEPLOYMENT_TARGET = 4.3;
				OTHER_CFLAGS = "-DNS_BLOCK_ASSERTIONS=1";
				SDKROOT = iphoneos;
				TARGETED_DEVICE_FAMILY = 2;
			};
			name = Release;
		};
		3B0DA66313A025D500BE33A4 /* Debug */ = {
			isa = XCBuildConfiguration;
			buildSettings = {
				ALWAYS_SEARCH_USER_PATHS = NO;
				COPY_PHASE_STRIP = NO;
				GCC_DYNAMIC_NO_PIC = NO;
				GCC_PRECOMPILE_PREFIX_HEADER = YES;
				GCC_PREFIX_HEADER = "Project1/Project1-Prefix.pch";
				INFOPLIST_FILE = "Project1/Project1-Info.plist";
				PRODUCT_NAME = "$(TARGET_NAME)";
				WRAPPER_EXTENSION = app;
			};
			name = Debug;
		};
		3B0DA66413A025D500BE33A4 /* Release */ = {
			isa = XCBuildConfiguration;
			buildSettings = {
				ALWAYS_SEARCH_USER_PATHS = NO;
				COPY_PHASE_STRIP = YES;
				GCC_PRECOMPILE_PREFIX_HEADER = YES;
				GCC_PREFIX_HEADER = "Project1/Project1-Prefix.pch";
				INFOPLIST_FILE = "Project1/Project1-Info.plist";
				PRODUCT_NAME = "$(TARGET_NAME)";
				VALIDATE_PRODUCT = YES;
				WRAPPER_EXTENSION = app;
			};
			name = Release;
		};
/* End XCBuildConfiguration section */

/* Begin XCConfigurationList section */
		3B0DA63B13A025D400BE33A4 /* Build configuration list for PBXProject "Project1" */ = {
			isa = XCConfigurationList;
			buildConfigurations = (
				3B0DA66013A025D500BE33A4 /* Debug */,
				3B0DA66113A025D500BE33A4 /* Release */,
			);
			defaultConfigurationIsVisible = 0;
			defaultConfigurationName = Release;
		};
		3B0DA66213A025D500BE33A4 /* Build configuration list for PBXNativeTarget "Project1" */ = {
			isa = XCConfigurationList;
			buildConfigurations = (
				3B0DA66313A025D500BE33A4 /* Debug */,
				3B0DA66413A025D500BE33A4 /* Release */,
			);
			defaultConfigurationIsVisible = 0;
		};
/* End XCConfigurationList section */
	};
	rootObject = 3B0DA63813A025D400BE33A4 /* Project object */;
}
